{
  "name": "noobaa-core",
  "version": "5.23.0",
  "lockfileVersion": 1,
  "requires": true,
  "dependencies": {
    "@aws-lite/client": {
      "version": "0.23.6",
      "resolved": "https://registry.npmjs.org/@aws-lite/client/-/client-0.23.6.tgz",
      "integrity": "sha512-37oDevQKNCv5GpZ+4J7awO7B4BfHMisek6Z3ofEE9XOmxMrRrLnBBH8/Qf/ByR/qpygy293WW4ekVNiR1MUu+Q==",
      "requires": {
        "aws4": "^1.13.2"
      }
    },
    "@aws-lite/s3": {
      "version": "0.2.6",
      "resolved": "https://registry.npmjs.org/@aws-lite/s3/-/s3-0.2.6.tgz",
      "integrity": "sha512-kFxZz3D3XB3P71QQaciHYaVJIIYpGFhAo8iSSyNlbV8lNvw3nd+AZaWQisGTtnWormpFxshEwNPtZxbtJbJ85w=="
    },
    "aws4": {
      "version": "1.13.2",
      "resolved": "https://registry.npmjs.org/aws4/-/aws4-1.13.2.tgz",
      "integrity": "sha512-lHe62zvbTB5eEABUVi/AwVh0ZKY9rMMDhmm+eeyuuUQbQ3+J+fONVQOZyj+DdrvD4BY33uYniyRJ4UJIaSKAfw=="
    }
  }
}
